{
    "version": 3,
    "terraform_version": "0.11.0",
    "serial": 5,
    "lineage": "d81cd565-dd6f-4897-ae29-6dd2042780e7",
    "modules": [
        {
            "path": [
                "root"
            ],
            "outputs": {},
            "resources": {
                "aws_db_parameter_group.default": {
                    "type": "aws_db_parameter_group",
                    "depends_on": [],
                    "primary": {
                        "id": "test",
                        "attributes": {
                            "arn": "arn:aws:rds:ap-northeast-1:186275011550:pg:test",
                            "description": "Managed by Terraform",
                            "family": "aurora5.6",
                            "id": "test",
                            "name": "test",
                            "parameter.#": "0",
                            "tags.%": "1",
                            "tags.Name": "test"
                        },
                        "meta": {},
                        "tainted": false
                    },
                    "deposed": [],
                    "provider": "provider.aws"
                },
                "aws_instance.web1": {
                    "type": "aws_instance",
                    "depends_on": [],
                    "primary": {
                        "id": "i-0ceee23967db30222",
                        "attributes": {
                            "ami": "ami-f80e0596",
                            "associate_public_ip_address": "true",
                            "availability_zone": "ap-northeast-1a",
                            "disable_api_termination": "false",
                            "ebs_block_device.#": "0",
                            "ebs_optimized": "false",
                            "ephemeral_block_device.#": "0",
                            "iam_instance_profile": "",
                            "id": "i-0ceee23967db30222",
                            "instance_state": "running",
                            "instance_type": "t2.micro",
                            "ipv6_addresses.#": "0",
                            "key_name": "",
                            "monitoring": "true",
                            "network_interface.#": "0",
                            "network_interface_id": "eni-bcd90f80",
                            "primary_network_interface_id": "eni-bcd90f80",
                            "private_dns": "ip-172-31-6-192.ap-northeast-1.compute.internal",
                            "private_ip": "172.31.6.192",
                            "public_dns": "ec2-13-115-161-207.ap-northeast-1.compute.amazonaws.com",
                            "public_ip": "13.115.161.207",
                            "root_block_device.#": "1",
                            "root_block_device.0.delete_on_termination": "true",
                            "root_block_device.0.iops": "100",
                            "root_block_device.0.volume_size": "8",
                            "root_block_device.0.volume_type": "gp2",
                            "security_groups.#": "1",
                            "security_groups.3814588639": "default",
                            "source_dest_check": "true",
                            "subnet_id": "subnet-e1849095",
                            "tags.%": "1",
                            "tags.Name": "web1",
                            "tenancy": "default",
                            "volume_tags.%": "0",
                            "vpc_security_group_ids.#": "0"
                        },
                        "meta": {
                            "e2bfb730-ecaa-11e6-8f88-34363bc7c4c0": {
                                "create": 600000000000,
                                "delete": 600000000000,
                                "update": 600000000000
                            },
                            "schema_version": "1"
                        },
                        "tainted": false
                    },
                    "deposed": [],
                    "provider": "provider.aws"
                },
                "aws_rds_cluster_parameter_group.default": {
                    "type": "aws_rds_cluster_parameter_group",
                    "depends_on": [],
                    "primary": {
                        "id": "test",
                        "attributes": {
                            "arn": "arn:aws:rds:ap-northeast-1:186275011550:cluster-pg:test",
                            "description": "test1",
                            "family": "aurora5.6",
                            "id": "test",
                            "name": "test",
                            "parameter.#": "9",
                            "parameter.1237321063.apply_method": "immediate",
                            "parameter.1237321063.name": "collation_server",
                            "parameter.1237321063.value": "utf8mb4_general_ci",
                            "parameter.1389371914.apply_method": "immediate",
                            "parameter.1389371914.name": "time_zone",
                            "parameter.1389371914.value": "asia/tokyo",
                            "parameter.1630568138.apply_method": "immediate",
                            "parameter.1630568138.name": "character_set_connection",
                            "parameter.1630568138.value": "utf8mb4",
                            "parameter.1895344133.apply_method": "immediate",
                            "parameter.1895344133.name": "character_set_server",
                            "parameter.1895344133.value": "utf8mb4",
                            "parameter.2629507452.apply_method": "immediate",
                            "parameter.2629507452.name": "character_set_client",
                            "parameter.2629507452.value": "utf8mb4",
                            "parameter.2843460863.apply_method": "immediate",
                            "parameter.2843460863.name": "character_set_database",
                            "parameter.2843460863.value": "utf8mb4",
                            "parameter.3287093755.apply_method": "immediate",
                            "parameter.3287093755.name": "collation_connection",
                            "parameter.3287093755.value": "utf8mb4_general_ci",
                            "parameter.3948957704.apply_method": "immediate",
                            "parameter.3948957704.name": "character_set_filesystem",
                            "parameter.3948957704.value": "utf8mb4",
                            "parameter.602884536.apply_method": "immediate",
                            "parameter.602884536.name": "character_set_results",
                            "parameter.602884536.value": "utf8mb4",
                            "tags.%": "1",
                            "tags.Name": "test"
                        },
                        "meta": {},
                        "tainted": false
                    },
                    "deposed": [],
                    "provider": "provider.aws"
                }
            },
            "depends_on": []
        }
    ]
}
